{
  "name": "hashieban",
  "lockfileVersion": 3,
  "requires": true,
  "packages": {
    "": {
      "devDependencies": {
        "@majidh1/jalalidatepicker": "^1.0.0"
      }
    },
    "node_modules/@majidh1/jalalidatepicker": {
      "version": "1.0.0",
      "resolved": "https://registry.npmjs.org/@majidh1/jalalidatepicker/-/jalalidatepicker-1.0.0.tgz",
      "integrity": "sha512-eicCq2S3qCokHEwoj5+U/h9VP7CMOS2iqqtn7L2MpZBLR30UJ9/q6MnYWyXPzc3oSunB1eP0IcdzzgE26FENGw==",
      "dev": true,
      "license": "MIT"
    }
  }
}
